
Microsoft Visual Studio Solution File, Format Version 12.00
# Visual Studio Version 16
VisualStudioVersion = 16.0.31729.503
MinimumVisualStudioVersion = 10.0.40219.1
Project("{FAE04EC0-301F-11D3-BF4B-00C04F79EFBC}") = "GUI_QLSQA", "GUI_QLSQA\GUI_QLSQA.csproj", "{26F6A458-6648-4F25-9CEE-E3D247C41AC2}"
EndProject
Project("{FAE04EC0-301F-11D3-BF4B-00C04F79EFBC}") = "DTO_QLSQA", "DTO_QLSQA\DTO_QLSQA.csproj", "{7649DC81-836D-461E-81CB-A08FF95AC55B}"
EndProject
Project("{FAE04EC0-301F-11D3-BF4B-00C04F79EFBC}") = "DAO_QLSQA", "DAO_QLSQA\DAO_QLSQA.csproj", "{BC9B8494-0896-4A64-8E3A-0C109F7AAE8A}"
EndProject
Project("{FAE04EC0-301F-11D3-BF4B-00C04F79EFBC}") = "BUS_QLSQA", "BUS_QLSQA\BUS_QLSQA.csproj", "{BBB9B9C5-2A63-4078-AA80-85DFE3C4FEFA}"
EndProject
Global
	GlobalSection(SolutionConfigurationPlatforms) = preSolution
		Debug|Any CPU = Debug|Any CPU
		Release|Any CPU = Release|Any CPU
	EndGlobalSection
	GlobalSection(ProjectConfigurationPlatforms) = postSolution
		{26F6A458-6648-4F25-9CEE-E3D247C41AC2}.Debug|Any CPU.ActiveCfg = Debug|Any CPU
		{26F6A458-6648-4F25-9CEE-E3D247C41AC2}.Debug|Any CPU.Build.0 = Debug|Any CPU
		{26F6A458-6648-4F25-9CEE-E3D247C41AC2}.Release|Any CPU.ActiveCfg = Release|Any CPU
		{26F6A458-6648-4F25-9CEE-E3D247C41AC2}.Release|Any CPU.Build.0 = Release|Any CPU
		{7649DC81-836D-461E-81CB-A08FF95AC55B}.Debug|Any CPU.ActiveCfg = Debug|Any CPU
		{7649DC81-836D-461E-81CB-A08FF95AC55B}.Debug|Any CPU.Build.0 = Debug|Any CPU
		{7649DC81-836D-461E-81CB-A08FF95AC55B}.Release|Any CPU.ActiveCfg = Release|Any CPU
		{7649DC81-836D-461E-81CB-A08FF95AC55B}.Release|Any CPU.Build.0 = Release|Any CPU
		{BC9B8494-0896-4A64-8E3A-0C109F7AAE8A}.Debug|Any CPU.ActiveCfg = Debug|Any CPU
		{BC9B8494-0896-4A64-8E3A-0C109F7AAE8A}.Debug|Any CPU.Build.0 = Debug|Any CPU
		{BC9B8494-0896-4A64-8E3A-0C109F7AAE8A}.Release|Any CPU.ActiveCfg = Release|Any CPU
		{BC9B8494-0896-4A64-8E3A-0C109F7AAE8A}.Release|Any CPU.Build.0 = Release|Any CPU
		{BBB9B9C5-2A63-4078-AA80-85DFE3C4FEFA}.Debug|Any CPU.ActiveCfg = Debug|Any CPU
		{BBB9B9C5-2A63-4078-AA80-85DFE3C4FEFA}.Debug|Any CPU.Build.0 = Debug|Any CPU
		{BBB9B9C5-2A63-4078-AA80-85DFE3C4FEFA}.Release|Any CPU.ActiveCfg = Release|Any CPU
		{BBB9B9C5-2A63-4078-AA80-85DFE3C4FEFA}.Release|Any CPU.Build.0 = Release|Any CPU
	EndGlobalSection
	GlobalSection(SolutionProperties) = preSolution
		HideSolutionNode = FALSE
	EndGlobalSection
	GlobalSection(ExtensibilityGlobals) = postSolution
		SolutionGuid = {14C2C0E9-DC9D-4101-B921-655506D06C5A}
	EndGlobalSection
EndGlobal
